
Microsoft Visual Studio Solution File, Format Version 12.00
# Visual Studio Version 17
VisualStudioVersion = 17.14.36203.30
MinimumVisualStudioVersion = 10.0.40219.1
Project("{FAE04EC0-301F-11D3-BF4B-00C04F79EFBC}") = "SHEquipmentSystem", "SHEquipmentSystem\SHEquipmentSystem.csproj", "{04A182DA-9159-4DF5-8594-3029EB1E539F}"
EndProject
Project("{FAE04EC0-301F-11D3-BF4B-00C04F79EFBC}") = "Common", "Common\Common.csproj", "{E15E491A-E872-91D8-DF7A-CA59C792F064}"
EndProject
Global
	GlobalSection(SolutionConfigurationPlatforms) = preSolution
		Debug|Any CPU = Debug|Any CPU
		Release|Any CPU = Release|Any CPU
	EndGlobalSection
	GlobalSection(ProjectConfigurationPlatforms) = postSolution
		{04A182DA-9159-4DF5-8594-3029EB1E539F}.Debug|Any CPU.ActiveCfg = Debug|Any CPU
		{04A182DA-9159-4DF5-8594-3029EB1E539F}.Debug|Any CPU.Build.0 = Debug|Any CPU
		{04A182DA-9159-4DF5-8594-3029EB1E539F}.Release|Any CPU.ActiveCfg = Release|Any CPU
		{04A182DA-9159-4DF5-8594-3029EB1E539F}.Release|Any CPU.Build.0 = Release|Any CPU
		{E15E491A-E872-91D8-DF7A-CA59C792F064}.Debug|Any CPU.ActiveCfg = Debug|Any CPU
		{E15E491A-E872-91D8-DF7A-CA59C792F064}.Debug|Any CPU.Build.0 = Debug|Any CPU
		{E15E491A-E872-91D8-DF7A-CA59C792F064}.Release|Any CPU.ActiveCfg = Release|Any CPU
		{E15E491A-E872-91D8-DF7A-CA59C792F064}.Release|Any CPU.Build.0 = Release|Any CPU
	EndGlobalSection
	GlobalSection(SolutionProperties) = preSolution
		HideSolutionNode = FALSE
	EndGlobalSection
	GlobalSection(ExtensibilityGlobals) = postSolution
		SolutionGuid = {2CAB2028-F480-4AF0-982B-C27B5AEA8396}
	EndGlobalSection
EndGlobal
